
Microsoft Visual Studio Solution File, Format Version 12.00
# Visual Studio Version 17
VisualStudioVersion = 17.4.33110.190
MinimumVisualStudioVersion = 10.0.40219.1
Project("{9A19103F-16F7-4668-BE54-9A1E7A4F7556}") = "first project", "first project\first project.csproj", "{7145A7A7-B2AE-4617-9651-6EC94B7E18DA}"
EndProject
Project("{9A19103F-16F7-4668-BE54-9A1E7A4F7556}") = "Variables", "Variables\Variables.csproj", "{EE8E5552-82E4-420B-810F-50150B718FBC}"
EndProject
Project("{FAE04EC0-301F-11D3-BF4B-00C04F79EFBC}") = "Methods", "Methods\Methods.csproj", "{A2E2585E-6B10-4155-B00A-D2AA487620DE}"
EndProject
Project("{9A19103F-16F7-4668-BE54-9A1E7A4F7556}") = "ClassObjectInstance", "ClassObjectInstance\ClassObjectInstance.csproj", "{D5ADBC0F-4114-4E60-AF24-0E4750FE226B}"
EndProject
Project("{9A19103F-16F7-4668-BE54-9A1E7A4F7556}") = "Structure", "Structure\Structure.csproj", "{2F5E43A8-BEEF-4437-8800-A434613A0C7B}"
EndProject
Project("{9A19103F-16F7-4668-BE54-9A1E7A4F7556}") = "Operators", "Operators\Operators.csproj", "{3B6CF526-6F47-4B6D-86CA-3D033392BA68}"
EndProject
Project("{9A19103F-16F7-4668-BE54-9A1E7A4F7556}") = "Statement_if", "Statement_if\Statement_if.csproj", "{29AB3D80-6030-4AB8-B326-1BA74E7FFBE2}"
EndProject
Project("{9A19103F-16F7-4668-BE54-9A1E7A4F7556}") = "Statement_switchCase", "Statement_switchCase\Statement_switchCase.csproj", "{1FF4858C-9182-4AE9-822D-9627BF8EAB50}"
EndProject
Project("{9A19103F-16F7-4668-BE54-9A1E7A4F7556}") = "Statement_loop", "Statement_loop\Statement_loop.csproj", "{3C488313-383E-4219-9F62-A1E1AEA84082}"
EndProject
Project("{9A19103F-16F7-4668-BE54-9A1E7A4F7556}") = "Array", "Array\Array.csproj", "{7BB46321-F70B-4E18-9078-D1FAFBE9305D}"
EndProject
Project("{9A19103F-16F7-4668-BE54-9A1E7A4F7556}") = "Array2D", "Array2D\Array2D.csproj", "{58F5B3BD-9E69-4781-94C7-50F0DB3D2CC7}"
EndProject
Project("{9A19103F-16F7-4668-BE54-9A1E7A4F7556}") = "HorseRace", "HorseRace\HorseRace.csproj", "{4697397E-316C-4D75-B07E-C1DC1F3BA86E}"
EndProject
Project("{9A19103F-16F7-4668-BE54-9A1E7A4F7556}") = "Inheritance", "Inheritance\Inheritance.csproj", "{466992DB-9A26-42AA-B9E6-31602A6AB665}"
EndProject
Project("{9A19103F-16F7-4668-BE54-9A1E7A4F7556}") = "BoxingUboxing", "BoxingUboxing\BoxingUboxing.csproj", "{E226F4FB-5482-462A-A9BB-95295A16EDC9}"
EndProject
Project("{FAE04EC0-301F-11D3-BF4B-00C04F79EFBC}") = "Collections", "Collections\Collections.csproj", "{D7839330-32CB-44BA-990F-927C0D055CDB}"
EndProject
Global
	GlobalSection(SolutionConfigurationPlatforms) = preSolution
		Debug|Any CPU = Debug|Any CPU
		Release|Any CPU = Release|Any CPU
	EndGlobalSection
	GlobalSection(ProjectConfigurationPlatforms) = postSolution
		{7145A7A7-B2AE-4617-9651-6EC94B7E18DA}.Debug|Any CPU.ActiveCfg = Debug|Any CPU
		{7145A7A7-B2AE-4617-9651-6EC94B7E18DA}.Debug|Any CPU.Build.0 = Debug|Any CPU
		{7145A7A7-B2AE-4617-9651-6EC94B7E18DA}.Release|Any CPU.ActiveCfg = Release|Any CPU
		{7145A7A7-B2AE-4617-9651-6EC94B7E18DA}.Release|Any CPU.Build.0 = Release|Any CPU
		{EE8E5552-82E4-420B-810F-50150B718FBC}.Debug|Any CPU.ActiveCfg = Debug|Any CPU
		{EE8E5552-82E4-420B-810F-50150B718FBC}.Debug|Any CPU.Build.0 = Debug|Any CPU
		{EE8E5552-82E4-420B-810F-50150B718FBC}.Release|Any CPU.ActiveCfg = Release|Any CPU
		{EE8E5552-82E4-420B-810F-50150B718FBC}.Release|Any CPU.Build.0 = Release|Any CPU
		{A2E2585E-6B10-4155-B00A-D2AA487620DE}.Debug|Any CPU.ActiveCfg = Debug|Any CPU
		{A2E2585E-6B10-4155-B00A-D2AA487620DE}.Debug|Any CPU.Build.0 = Debug|Any CPU
		{A2E2585E-6B10-4155-B00A-D2AA487620DE}.Release|Any CPU.ActiveCfg = Release|Any CPU
		{A2E2585E-6B10-4155-B00A-D2AA487620DE}.Release|Any CPU.Build.0 = Release|Any CPU
		{D5ADBC0F-4114-4E60-AF24-0E4750FE226B}.Debug|Any CPU.ActiveCfg = Debug|Any CPU
		{D5ADBC0F-4114-4E60-AF24-0E4750FE226B}.Debug|Any CPU.Build.0 = Debug|Any CPU
		{D5ADBC0F-4114-4E60-AF24-0E4750FE226B}.Release|Any CPU.ActiveCfg = Release|Any CPU
		{D5ADBC0F-4114-4E60-AF24-0E4750FE226B}.Release|Any CPU.Build.0 = Release|Any CPU
		{2F5E43A8-BEEF-4437-8800-A434613A0C7B}.Debug|Any CPU.ActiveCfg = Debug|Any CPU
		{2F5E43A8-BEEF-4437-8800-A434613A0C7B}.Debug|Any CPU.Build.0 = Debug|Any CPU
		{2F5E43A8-BEEF-4437-8800-A434613A0C7B}.Release|Any CPU.ActiveCfg = Release|Any CPU
		{2F5E43A8-BEEF-4437-8800-A434613A0C7B}.Release|Any CPU.Build.0 = Release|Any CPU
		{3B6CF526-6F47-4B6D-86CA-3D033392BA68}.Debug|Any CPU.ActiveCfg = Debug|Any CPU
		{3B6CF526-6F47-4B6D-86CA-3D033392BA68}.Debug|Any CPU.Build.0 = Debug|Any CPU
		{3B6CF526-6F47-4B6D-86CA-3D033392BA68}.Release|Any CPU.ActiveCfg = Release|Any CPU
		{3B6CF526-6F47-4B6D-86CA-3D033392BA68}.Release|Any CPU.Build.0 = Release|Any CPU
		{29AB3D80-6030-4AB8-B326-1BA74E7FFBE2}.Debug|Any CPU.ActiveCfg = Debug|Any CPU
		{29AB3D80-6030-4AB8-B326-1BA74E7FFBE2}.Debug|Any CPU.Build.0 = Debug|Any CPU
		{29AB3D80-6030-4AB8-B326-1BA74E7FFBE2}.Release|Any CPU.ActiveCfg = Release|Any CPU
		{29AB3D80-6030-4AB8-B326-1BA74E7FFBE2}.Release|Any CPU.Build.0 = Release|Any CPU
		{1FF4858C-9182-4AE9-822D-9627BF8EAB50}.Debug|Any CPU.ActiveCfg = Debug|Any CPU
		{1FF4858C-9182-4AE9-822D-9627BF8EAB50}.Debug|Any CPU.Build.0 = Debug|Any CPU
		{1FF4858C-9182-4AE9-822D-9627BF8EAB50}.Release|Any CPU.ActiveCfg = Release|Any CPU
		{1FF4858C-9182-4AE9-822D-9627BF8EAB50}.Release|Any CPU.Build.0 = Release|Any CPU
		{3C488313-383E-4219-9F62-A1E1AEA84082}.Debug|Any CPU.ActiveCfg = Debug|Any CPU
		{3C488313-383E-4219-9F62-A1E1AEA84082}.Debug|Any CPU.Build.0 = Debug|Any CPU
		{3C488313-383E-4219-9F62-A1E1AEA84082}.Release|Any CPU.ActiveCfg = Release|Any CPU
		{3C488313-383E-4219-9F62-A1E1AEA84082}.Release|Any CPU.Build.0 = Release|Any CPU
		{7BB46321-F70B-4E18-9078-D1FAFBE9305D}.Debug|Any CPU.ActiveCfg = Debug|Any CPU
		{7BB46321-F70B-4E18-9078-D1FAFBE9305D}.Debug|Any CPU.Build.0 = Debug|Any CPU
		{7BB46321-F70B-4E18-9078-D1FAFBE9305D}.Release|Any CPU.ActiveCfg = Release|Any CPU
		{7BB46321-F70B-4E18-9078-D1FAFBE9305D}.Release|Any CPU.Build.0 = Release|Any CPU
		{58F5B3BD-9E69-4781-94C7-50F0DB3D2CC7}.Debug|Any CPU.ActiveCfg = Debug|Any CPU
		{58F5B3BD-9E69-4781-94C7-50F0DB3D2CC7}.Debug|Any CPU.Build.0 = Debug|Any CPU
		{58F5B3BD-9E69-4781-94C7-50F0DB3D2CC7}.Release|Any CPU.ActiveCfg = Release|Any CPU
		{58F5B3BD-9E69-4781-94C7-50F0DB3D2CC7}.Release|Any CPU.Build.0 = Release|Any CPU
		{4697397E-316C-4D75-B07E-C1DC1F3BA86E}.Debug|Any CPU.ActiveCfg = Debug|Any CPU
		{4697397E-316C-4D75-B07E-C1DC1F3BA86E}.Debug|Any CPU.Build.0 = Debug|Any CPU
		{4697397E-316C-4D75-B07E-C1DC1F3BA86E}.Release|Any CPU.ActiveCfg = Release|Any CPU
		{4697397E-316C-4D75-B07E-C1DC1F3BA86E}.Release|Any CPU.Build.0 = Release|Any CPU
		{466992DB-9A26-42AA-B9E6-31602A6AB665}.Debug|Any CPU.ActiveCfg = Debug|Any CPU
		{466992DB-9A26-42AA-B9E6-31602A6AB665}.Debug|Any CPU.Build.0 = Debug|Any CPU
		{466992DB-9A26-42AA-B9E6-31602A6AB665}.Release|Any CPU.ActiveCfg = Release|Any CPU
		{466992DB-9A26-42AA-B9E6-31602A6AB665}.Release|Any CPU.Build.0 = Release|Any CPU
		{E226F4FB-5482-462A-A9BB-95295A16EDC9}.Debug|Any CPU.ActiveCfg = Debug|Any CPU
		{E226F4FB-5482-462A-A9BB-95295A16EDC9}.Debug|Any CPU.Build.0 = Debug|Any CPU
		{E226F4FB-5482-462A-A9BB-95295A16EDC9}.Release|Any CPU.ActiveCfg = Release|Any CPU
		{E226F4FB-5482-462A-A9BB-95295A16EDC9}.Release|Any CPU.Build.0 = Release|Any CPU
		{D7839330-32CB-44BA-990F-927C0D055CDB}.Debug|Any CPU.ActiveCfg = Debug|Any CPU
		{D7839330-32CB-44BA-990F-927C0D055CDB}.Debug|Any CPU.Build.0 = Debug|Any CPU
		{D7839330-32CB-44BA-990F-927C0D055CDB}.Release|Any CPU.ActiveCfg = Release|Any CPU
		{D7839330-32CB-44BA-990F-927C0D055CDB}.Release|Any CPU.Build.0 = Release|Any CPU
	EndGlobalSection
	GlobalSection(SolutionProperties) = preSolution
		HideSolutionNode = FALSE
	EndGlobalSection
	GlobalSection(ExtensibilityGlobals) = postSolution
		SolutionGuid = {D4C7E7CF-2607-4CDA-8F47-8732613AA01E}
	EndGlobalSection
EndGlobal
